
Microsoft Visual Studio Solution File, Format Version 12.00
# Visual Studio Version 16
VisualStudioVersion = 16.0.32106.194
MinimumVisualStudioVersion = 10.0.40219.1
Project("{FAE04EC0-301F-11D3-BF4B-00C04F79EFBC}") = "Practice", "Practice\Practice.csproj", "{9EFCE7F5-02C6-414C-BA8D-D89CCBAADBAE}"
EndProject
Global
	GlobalSection(SolutionConfigurationPlatforms) = preSolution
		Debug|Any CPU = Debug|Any CPU
		Release|Any CPU = Release|Any CPU
	EndGlobalSection
	GlobalSection(ProjectConfigurationPlatforms) = postSolution
		{9EFCE7F5-02C6-414C-BA8D-D89CCBAADBAE}.Debug|Any CPU.ActiveCfg = Debug|Any CPU
		{9EFCE7F5-02C6-414C-BA8D-D89CCBAADBAE}.Debug|Any CPU.Build.0 = Debug|Any CPU
		{9EFCE7F5-02C6-414C-BA8D-D89CCBAADBAE}.Release|Any CPU.ActiveCfg = Release|Any CPU
		{9EFCE7F5-02C6-414C-BA8D-D89CCBAADBAE}.Release|Any CPU.Build.0 = Release|Any CPU
	EndGlobalSection
	GlobalSection(SolutionProperties) = preSolution
		HideSolutionNode = FALSE
	EndGlobalSection
	GlobalSection(ExtensibilityGlobals) = postSolution
		SolutionGuid = {4A4D0571-A89B-4065-8295-9EB8BF4B5F3F}
	EndGlobalSection
EndGlobal
